// !$*UTF8*$!
{
	archiveVersion = 1;
	classes = {
	};
	objectVersion = 56;
	objects = {

/* Begin PBXBuildFile section */
		DEEB24532C58CFAC008B7F81 /* shoppingApp.swift in Sources */ = {isa = PBXBuildFile; fileRef = DEEB24522C58CFAC008B7F81 /* shoppingApp.swift */; };
		DEEB24572C58CFAD008B7F81 /* Assets.xcassets in Resources */ = {isa = PBXBuildFile; fileRef = DEEB24562C58CFAD008B7F81 /* Assets.xcassets */; };
		DEEB245A2C58CFAD008B7F81 /* Preview Assets.xcassets in Resources */ = {isa = PBXBuildFile; fileRef = DEEB24592C58CFAD008B7F81 /* Preview Assets.xcassets */; };
		DEEB24642C58CFAE008B7F81 /* shoppingTests.swift in Sources */ = {isa = PBXBuildFile; fileRef = DEEB24632C58CFAE008B7F81 /* shoppingTests.swift */; };
		DEEB246E2C58CFAE008B7F81 /* shoppingUITests.swift in Sources */ = {isa = PBXBuildFile; fileRef = DEEB246D2C58CFAE008B7F81 /* shoppingUITests.swift */; };
		DEEB24702C58CFAE008B7F81 /* shoppingUITestsLaunchTests.swift in Sources */ = {isa = PBXBuildFile; fileRef = DEEB246F2C58CFAE008B7F81 /* shoppingUITestsLaunchTests.swift */; };
		DEEB24812C58D2A4008B7F81 /* Gilroy-Bold.ttf in Resources */ = {isa = PBXBuildFile; fileRef = DEEB247D2C58D2A4008B7F81 /* Gilroy-Bold.ttf */; };
		DEEB24822C58D2A4008B7F81 /* Gilroy-Regular.ttf in Resources */ = {isa = PBXBuildFile; fileRef = DEEB247E2C58D2A4008B7F81 /* Gilroy-Regular.ttf */; };
		DEEB24832C58D2A4008B7F81 /* Gilroy-SemiBold.ttf in Resources */ = {isa = PBXBuildFile; fileRef = DEEB247F2C58D2A4008B7F81 /* Gilroy-SemiBold.ttf */; };
		DEEB24842C58D2A4008B7F81 /* Gilroy-Medium.ttf in Resources */ = {isa = PBXBuildFile; fileRef = DEEB24802C58D2A4008B7F81 /* Gilroy-Medium.ttf */; };
		DEEB248C2C59D815008B7F81 /* WelcomeView.swift in Sources */ = {isa = PBXBuildFile; fileRef = DEEB248B2C59D815008B7F81 /* WelcomeView.swift */; };
		DEEB248E2C59D840008B7F81 /* Launch Screen.storyboard in Resources */ = {isa = PBXBuildFile; fileRef = DEEB248D2C59D840008B7F81 /* Launch Screen.storyboard */; };
		DEEB24902C59DAD3008B7F81 /* UIExtension.swift in Sources */ = {isa = PBXBuildFile; fileRef = DEEB248F2C59DAD3008B7F81 /* UIExtension.swift */; };
		DEEB24922C59E016008B7F81 /* RoundButton.swift in Sources */ = {isa = PBXBuildFile; fileRef = DEEB24912C59E016008B7F81 /* RoundButton.swift */; };
		DEEB24942C59ECA8008B7F81 /* SignInView.swift in Sources */ = {isa = PBXBuildFile; fileRef = DEEB24932C59ECA8008B7F81 /* SignInView.swift */; };
		DEEB24972C59F393008B7F81 /* CountryPicker in Frameworks */ = {isa = PBXBuildFile; productRef = DEEB24962C59F393008B7F81 /* CountryPicker */; };
		DEEB24992C59F3B1008B7F81 /* CountryPickerUI.swift in Sources */ = {isa = PBXBuildFile; fileRef = DEEB24982C59F3B1008B7F81 /* CountryPickerUI.swift */; };
		DEEB249B2C59F899008B7F81 /* LoginView.swift in Sources */ = {isa = PBXBuildFile; fileRef = DEEB249A2C59F899008B7F81 /* LoginView.swift */; };
		DEEB249F2C5A0173008B7F81 /* MainViewModel.swift in Sources */ = {isa = PBXBuildFile; fileRef = DEEB249E2C5A0173008B7F81 /* MainViewModel.swift */; };
		DEEB24A12C5A02F2008B7F81 /* LineTextField.swift in Sources */ = {isa = PBXBuildFile; fileRef = DEEB24A02C5A02F2008B7F81 /* LineTextField.swift */; };
		DEEB24A32C5B13E7008B7F81 /* ServiceCall.swift in Sources */ = {isa = PBXBuildFile; fileRef = DEEB24A22C5B13E7008B7F81 /* ServiceCall.swift */; };
		DEEB24A52C5B18BC008B7F81 /* Globs.swift in Sources */ = {isa = PBXBuildFile; fileRef = DEEB24A42C5B18BC008B7F81 /* Globs.swift */; };
		DEEB24A82C5B2984008B7F81 /* UIKitExtension.swift in Sources */ = {isa = PBXBuildFile; fileRef = DEEB24A72C5B2984008B7F81 /* UIKitExtension.swift */; };
		DEEB24AA2C5B531B008B7F81 /* SignUpView.swift in Sources */ = {isa = PBXBuildFile; fileRef = DEEB24A92C5B531B008B7F81 /* SignUpView.swift */; };
		DEEB24AE2C5B60B6008B7F81 /* UserModel.swift in Sources */ = {isa = PBXBuildFile; fileRef = DEEB24AD2C5B60B6008B7F81 /* UserModel.swift */; };
		DEEB24B12C5B65FF008B7F81 /* MainTabView.swift in Sources */ = {isa = PBXBuildFile; fileRef = DEEB24B02C5B65FF008B7F81 /* MainTabView.swift */; };
		DEEB24B32C5B6CA9008B7F81 /* HomeViewModel.swift in Sources */ = {isa = PBXBuildFile; fileRef = DEEB24B22C5B6CA9008B7F81 /* HomeViewModel.swift */; };
		DEEB24B62C5B6D17008B7F81 /* HomeView.swift in Sources */ = {isa = PBXBuildFile; fileRef = DEEB24B52C5B6D17008B7F81 /* HomeView.swift */; };
		DEEB24B92C5B6DE8008B7F81 /* ExploreView.swift in Sources */ = {isa = PBXBuildFile; fileRef = DEEB24B82C5B6DE8008B7F81 /* ExploreView.swift */; };
		DEEB24BB2C5B7222008B7F81 /* TabButton.swift in Sources */ = {isa = PBXBuildFile; fileRef = DEEB24BA2C5B7222008B7F81 /* TabButton.swift */; };
		DEEB24BD2C5B75E4008B7F81 /* SearchTextField.swift in Sources */ = {isa = PBXBuildFile; fileRef = DEEB24BC2C5B75E4008B7F81 /* SearchTextField.swift */; };
		DEEB24BF2C5B789B008B7F81 /* SectionTitle.swift in Sources */ = {isa = PBXBuildFile; fileRef = DEEB24BE2C5B789B008B7F81 /* SectionTitle.swift */; };
		DEEB24C12C5B7A2B008B7F81 /* ProductCell.swift in Sources */ = {isa = PBXBuildFile; fileRef = DEEB24C02C5B7A2B008B7F81 /* ProductCell.swift */; };
		DEEB24C32C5B8E64008B7F81 /* CategoryCell.swift in Sources */ = {isa = PBXBuildFile; fileRef = DEEB24C22C5B8E64008B7F81 /* CategoryCell.swift */; };
		DEEB24C52C5B8FF8008B7F81 /* ProducModel.swift in Sources */ = {isa = PBXBuildFile; fileRef = DEEB24C42C5B8FF8008B7F81 /* ProducModel.swift */; };
/* End PBXBuildFile section */

/* Begin PBXContainerItemProxy section */
		DEEB24602C58CFAE008B7F81 /* PBXContainerItemProxy */ = {
			isa = PBXContainerItemProxy;
			containerPortal = DEEB24472C58CFAC008B7F81 /* Project object */;
			proxyType = 1;
			remoteGlobalIDString = DEEB244E2C58CFAC008B7F81;
			remoteInfo = shopping;
		};
		DEEB246A2C58CFAE008B7F81 /* PBXContainerItemProxy */ = {
			isa = PBXContainerItemProxy;
			containerPortal = DEEB24472C58CFAC008B7F81 /* Project object */;
			proxyType = 1;
			remoteGlobalIDString = DEEB244E2C58CFAC008B7F81;
			remoteInfo = shopping;
		};
/* End PBXContainerItemProxy section */

/* Begin PBXFileReference section */
		DEEB244F2C58CFAC008B7F81 /* shopping.app */ = {isa = PBXFileReference; explicitFileType = wrapper.application; includeInIndex = 0; path = shopping.app; sourceTree = BUILT_PRODUCTS_DIR; };
		DEEB24522C58CFAC008B7F81 /* shoppingApp.swift */ = {isa = PBXFileReference; lastKnownFileType = sourcecode.swift; path = shoppingApp.swift; sourceTree = "<group>"; };
		DEEB24562C58CFAD008B7F81 /* Assets.xcassets */ = {isa = PBXFileReference; lastKnownFileType = folder.assetcatalog; path = Assets.xcassets; sourceTree = "<group>"; };
		DEEB24592C58CFAD008B7F81 /* Preview Assets.xcassets */ = {isa = PBXFileReference; lastKnownFileType = folder.assetcatalog; path = "Preview Assets.xcassets"; sourceTree = "<group>"; };
		DEEB245F2C58CFAE008B7F81 /* shoppingTests.xctest */ = {isa = PBXFileReference; explicitFileType = wrapper.cfbundle; includeInIndex = 0; path = shoppingTests.xctest; sourceTree = BUILT_PRODUCTS_DIR; };
		DEEB24632C58CFAE008B7F81 /* shoppingTests.swift */ = {isa = PBXFileReference; lastKnownFileType = sourcecode.swift; path = shoppingTests.swift; sourceTree = "<group>"; };
		DEEB24692C58CFAE008B7F81 /* shoppingUITests.xctest */ = {isa = PBXFileReference; explicitFileType = wrapper.cfbundle; includeInIndex = 0; path = shoppingUITests.xctest; sourceTree = BUILT_PRODUCTS_DIR; };
		DEEB246D2C58CFAE008B7F81 /* shoppingUITests.swift */ = {isa = PBXFileReference; lastKnownFileType = sourcecode.swift; path = shoppingUITests.swift; sourceTree = "<group>"; };
		DEEB246F2C58CFAE008B7F81 /* shoppingUITestsLaunchTests.swift */ = {isa = PBXFileReference; lastKnownFileType = sourcecode.swift; path = shoppingUITestsLaunchTests.swift; sourceTree = "<group>"; };
		DEEB247D2C58D2A4008B7F81 /* Gilroy-Bold.ttf */ = {isa = PBXFileReference; lastKnownFileType = file; path = "Gilroy-Bold.ttf"; sourceTree = "<group>"; };
		DEEB247E2C58D2A4008B7F81 /* Gilroy-Regular.ttf */ = {isa = PBXFileReference; lastKnownFileType = file; path = "Gilroy-Regular.ttf"; sourceTree = "<group>"; };
		DEEB247F2C58D2A4008B7F81 /* Gilroy-SemiBold.ttf */ = {isa = PBXFileReference; lastKnownFileType = file; path = "Gilroy-SemiBold.ttf"; sourceTree = "<group>"; };
		DEEB24802C58D2A4008B7F81 /* Gilroy-Medium.ttf */ = {isa = PBXFileReference; lastKnownFileType = file; path = "Gilroy-Medium.ttf"; sourceTree = "<group>"; };
		DEEB24852C59D672008B7F81 /* Info.plist */ = {isa = PBXFileReference; lastKnownFileType = text.plist; path = Info.plist; sourceTree = "<group>"; };
		DEEB248B2C59D815008B7F81 /* WelcomeView.swift */ = {isa = PBXFileReference; lastKnownFileType = sourcecode.swift; path = WelcomeView.swift; sourceTree = "<group>"; };
		DEEB248D2C59D840008B7F81 /* Launch Screen.storyboard */ = {isa = PBXFileReference; lastKnownFileType = file.storyboard; path = "Launch Screen.storyboard"; sourceTree = "<group>"; };
		DEEB248F2C59DAD3008B7F81 /* UIExtension.swift */ = {isa = PBXFileReference; lastKnownFileType = sourcecode.swift; path = UIExtension.swift; sourceTree = "<group>"; };
		DEEB24912C59E016008B7F81 /* RoundButton.swift */ = {isa = PBXFileReference; lastKnownFileType = sourcecode.swift; path = RoundButton.swift; sourceTree = "<group>"; };
		DEEB24932C59ECA8008B7F81 /* SignInView.swift */ = {isa = PBXFileReference; lastKnownFileType = sourcecode.swift; path = SignInView.swift; sourceTree = "<group>"; };
		DEEB24982C59F3B1008B7F81 /* CountryPickerUI.swift */ = {isa = PBXFileReference; lastKnownFileType = sourcecode.swift; path = CountryPickerUI.swift; sourceTree = "<group>"; };
		DEEB249A2C59F899008B7F81 /* LoginView.swift */ = {isa = PBXFileReference; lastKnownFileType = sourcecode.swift; path = LoginView.swift; sourceTree = "<group>"; };
		DEEB249E2C5A0173008B7F81 /* MainViewModel.swift */ = {isa = PBXFileReference; lastKnownFileType = sourcecode.swift; path = MainViewModel.swift; sourceTree = "<group>"; };
		DEEB24A02C5A02F2008B7F81 /* LineTextField.swift */ = {isa = PBXFileReference; lastKnownFileType = sourcecode.swift; path = LineTextField.swift; sourceTree = "<group>"; };
		DEEB24A22C5B13E7008B7F81 /* ServiceCall.swift */ = {isa = PBXFileReference; lastKnownFileType = sourcecode.swift; path = ServiceCall.swift; sourceTree = "<group>"; };
		DEEB24A42C5B18BC008B7F81 /* Globs.swift */ = {isa = PBXFileReference; lastKnownFileType = sourcecode.swift; path = Globs.swift; sourceTree = "<group>"; };
		DEEB24A72C5B2984008B7F81 /* UIKitExtension.swift */ = {isa = PBXFileReference; lastKnownFileType = sourcecode.swift; path = UIKitExtension.swift; sourceTree = "<group>"; };
		DEEB24A92C5B531B008B7F81 /* SignUpView.swift */ = {isa = PBXFileReference; lastKnownFileType = sourcecode.swift; path = SignUpView.swift; sourceTree = "<group>"; };
		DEEB24AD2C5B60B6008B7F81 /* UserModel.swift */ = {isa = PBXFileReference; lastKnownFileType = sourcecode.swift; path = UserModel.swift; sourceTree = "<group>"; };
		DEEB24B02C5B65FF008B7F81 /* MainTabView.swift */ = {isa = PBXFileReference; lastKnownFileType = sourcecode.swift; path = MainTabView.swift; sourceTree = "<group>"; };
		DEEB24B22C5B6CA9008B7F81 /* HomeViewModel.swift */ = {isa = PBXFileReference; lastKnownFileType = sourcecode.swift; path = HomeViewModel.swift; sourceTree = "<group>"; };
		DEEB24B52C5B6D17008B7F81 /* HomeView.swift */ = {isa = PBXFileReference; lastKnownFileType = sourcecode.swift; path = HomeView.swift; sourceTree = "<group>"; };
		DEEB24B82C5B6DE8008B7F81 /* ExploreView.swift */ = {isa = PBXFileReference; lastKnownFileType = sourcecode.swift; path = ExploreView.swift; sourceTree = "<group>"; };
		DEEB24BA2C5B7222008B7F81 /* TabButton.swift */ = {isa = PBXFileReference; lastKnownFileType = sourcecode.swift; path = TabButton.swift; sourceTree = "<group>"; };
		DEEB24BC2C5B75E4008B7F81 /* SearchTextField.swift */ = {isa = PBXFileReference; lastKnownFileType = sourcecode.swift; path = SearchTextField.swift; sourceTree = "<group>"; };
		DEEB24BE2C5B789B008B7F81 /* SectionTitle.swift */ = {isa = PBXFileReference; lastKnownFileType = sourcecode.swift; path = SectionTitle.swift; sourceTree = "<group>"; };
		DEEB24C02C5B7A2B008B7F81 /* ProductCell.swift */ = {isa = PBXFileReference; lastKnownFileType = sourcecode.swift; path = ProductCell.swift; sourceTree = "<group>"; };
		DEEB24C22C5B8E64008B7F81 /* CategoryCell.swift */ = {isa = PBXFileReference; lastKnownFileType = sourcecode.swift; path = CategoryCell.swift; sourceTree = "<group>"; };
		DEEB24C42C5B8FF8008B7F81 /* ProducModel.swift */ = {isa = PBXFileReference; lastKnownFileType = sourcecode.swift; path = ProducModel.swift; sourceTree = "<group>"; };
/* End PBXFileReference section */

/* Begin PBXFrameworksBuildPhase section */
		DEEB244C2C58CFAC008B7F81 /* Frameworks */ = {
			isa = PBXFrameworksBuildPhase;
			buildActionMask = 2147483647;
			files = (
				DEEB24972C59F393008B7F81 /* CountryPicker in Frameworks */,
			);
			runOnlyForDeploymentPostprocessing = 0;
		};
		DEEB245C2C58CFAE008B7F81 /* Frameworks */ = {
			isa = PBXFrameworksBuildPhase;
			buildActionMask = 2147483647;
			files = (
			);
			runOnlyForDeploymentPostprocessing = 0;
		};
		DEEB24662C58CFAE008B7F81 /* Frameworks */ = {
			isa = PBXFrameworksBuildPhase;
			buildActionMask = 2147483647;
			files = (
			);
			runOnlyForDeploymentPostprocessing = 0;
		};
/* End PBXFrameworksBuildPhase section */

/* Begin PBXGroup section */
		DEEB24462C58CFAC008B7F81 = {
			isa = PBXGroup;
			children = (
				DEEB24512C58CFAC008B7F81 /* shopping */,
				DEEB24622C58CFAE008B7F81 /* shoppingTests */,
				DEEB246C2C58CFAE008B7F81 /* shoppingUITests */,
				DEEB24502C58CFAC008B7F81 /* Products */,
			);
			sourceTree = "<group>";
		};
		DEEB24502C58CFAC008B7F81 /* Products */ = {
			isa = PBXGroup;
			children = (
				DEEB244F2C58CFAC008B7F81 /* shopping.app */,
				DEEB245F2C58CFAE008B7F81 /* shoppingTests.xctest */,
				DEEB24692C58CFAE008B7F81 /* shoppingUITests.xctest */,
			);
			name = Products;
			sourceTree = "<group>";
		};
		DEEB24512C58CFAC008B7F81 /* shopping */ = {
			isa = PBXGroup;
			children = (
				DEEB24A62C5B2963008B7F81 /* Common */,
				DEEB24892C59D7D7008B7F81 /* UICommon */,
				DEEB24882C59D7BF008B7F81 /* Viewmodel */,
				DEEB24872C59D7B8008B7F81 /* Model */,
				DEEB24862C59D7B2008B7F81 /* View */,
				DEEB24852C59D672008B7F81 /* Info.plist */,
				DEEB247C2C58D17D008B7F81 /* font */,
				DEEB24522C58CFAC008B7F81 /* shoppingApp.swift */,
				DEEB24562C58CFAD008B7F81 /* Assets.xcassets */,
				DEEB24582C58CFAD008B7F81 /* Preview Content */,
				DEEB248D2C59D840008B7F81 /* Launch Screen.storyboard */,
			);
			path = shopping;
			sourceTree = "<group>";
		};
		DEEB24582C58CFAD008B7F81 /* Preview Content */ = {
			isa = PBXGroup;
			children = (
				DEEB24592C58CFAD008B7F81 /* Preview Assets.xcassets */,
			);
			path = "Preview Content";
			sourceTree = "<group>";
		};
		DEEB24622C58CFAE008B7F81 /* shoppingTests */ = {
			isa = PBXGroup;
			children = (
				DEEB24632C58CFAE008B7F81 /* shoppingTests.swift */,
			);
			path = shoppingTests;
			sourceTree = "<group>";
		};
		DEEB246C2C58CFAE008B7F81 /* shoppingUITests */ = {
			isa = PBXGroup;
			children = (
				DEEB246D2C58CFAE008B7F81 /* shoppingUITests.swift */,
				DEEB246F2C58CFAE008B7F81 /* shoppingUITestsLaunchTests.swift */,
			);
			path = shoppingUITests;
			sourceTree = "<group>";
		};
		DEEB247C2C58D17D008B7F81 /* font */ = {
			isa = PBXGroup;
			children = (
				DEEB247D2C58D2A4008B7F81 /* Gilroy-Bold.ttf */,
				DEEB24802C58D2A4008B7F81 /* Gilroy-Medium.ttf */,
				DEEB247E2C58D2A4008B7F81 /* Gilroy-Regular.ttf */,
				DEEB247F2C58D2A4008B7F81 /* Gilroy-SemiBold.ttf */,
			);
			path = font;
			sourceTree = "<group>";
		};
		DEEB24862C59D7B2008B7F81 /* View */ = {
			isa = PBXGroup;
			children = (
				DEEB24B72C5B6DB5008B7F81 /* Explore */,
				DEEB24B42C5B6D08008B7F81 /* Home */,
				DEEB24AF2C5B65EF008B7F81 /* MainTab */,
				DEEB248A2C59D802008B7F81 /* Login */,
			);
			path = View;
			sourceTree = "<group>";
		};
		DEEB24872C59D7B8008B7F81 /* Model */ = {
			isa = PBXGroup;
			children = (
				DEEB24AD2C5B60B6008B7F81 /* UserModel.swift */,
				DEEB24C42C5B8FF8008B7F81 /* ProducModel.swift */,
			);
			path = Model;
			sourceTree = "<group>";
		};
		DEEB24882C59D7BF008B7F81 /* Viewmodel */ = {
			isa = PBXGroup;
			children = (
				DEEB249E2C5A0173008B7F81 /* MainViewModel.swift */,
				DEEB24B22C5B6CA9008B7F81 /* HomeViewModel.swift */,
			);
			path = Viewmodel;
			sourceTree = "<group>";
		};
		DEEB24892C59D7D7008B7F81 /* UICommon */ = {
			isa = PBXGroup;
			children = (
				DEEB248F2C59DAD3008B7F81 /* UIExtension.swift */,
				DEEB24912C59E016008B7F81 /* RoundButton.swift */,
				DEEB24982C59F3B1008B7F81 /* CountryPickerUI.swift */,
				DEEB24A02C5A02F2008B7F81 /* LineTextField.swift */,
				DEEB24A22C5B13E7008B7F81 /* ServiceCall.swift */,
				DEEB24A42C5B18BC008B7F81 /* Globs.swift */,
				DEEB24BA2C5B7222008B7F81 /* TabButton.swift */,
				DEEB24BC2C5B75E4008B7F81 /* SearchTextField.swift */,
				DEEB24BE2C5B789B008B7F81 /* SectionTitle.swift */,
				DEEB24C02C5B7A2B008B7F81 /* ProductCell.swift */,
				DEEB24C22C5B8E64008B7F81 /* CategoryCell.swift */,
			);
			path = UICommon;
			sourceTree = "<group>";
		};
		DEEB248A2C59D802008B7F81 /* Login */ = {
			isa = PBXGroup;
			children = (
				DEEB248B2C59D815008B7F81 /* WelcomeView.swift */,
				DEEB24932C59ECA8008B7F81 /* SignInView.swift */,
				DEEB249A2C59F899008B7F81 /* LoginView.swift */,
				DEEB24A92C5B531B008B7F81 /* SignUpView.swift */,
			);
			path = Login;
			sourceTree = "<group>";
		};
		DEEB24A62C5B2963008B7F81 /* Common */ = {
			isa = PBXGroup;
			children = (
				DEEB24A72C5B2984008B7F81 /* UIKitExtension.swift */,
			);
			path = Common;
			sourceTree = "<group>";
		};
		DEEB24AF2C5B65EF008B7F81 /* MainTab */ = {
			isa = PBXGroup;
			children = (
				DEEB24B02C5B65FF008B7F81 /* MainTabView.swift */,
			);
			path = MainTab;
			sourceTree = "<group>";
		};
		DEEB24B42C5B6D08008B7F81 /* Home */ = {
			isa = PBXGroup;
			children = (
				DEEB24B52C5B6D17008B7F81 /* HomeView.swift */,
			);
			path = Home;
			sourceTree = "<group>";
		};
		DEEB24B72C5B6DB5008B7F81 /* Explore */ = {
			isa = PBXGroup;
			children = (
				DEEB24B82C5B6DE8008B7F81 /* ExploreView.swift */,
			);
			path = Explore;
			sourceTree = "<group>";
		};
/* End PBXGroup section */

/* Begin PBXNativeTarget section */
		DEEB244E2C58CFAC008B7F81 /* shopping */ = {
			isa = PBXNativeTarget;
			buildConfigurationList = DEEB24732C58CFAE008B7F81 /* Build configuration list for PBXNativeTarget "shopping" */;
			buildPhases = (
				DEEB244B2C58CFAC008B7F81 /* Sources */,
				DEEB244C2C58CFAC008B7F81 /* Frameworks */,
				DEEB244D2C58CFAC008B7F81 /* Resources */,
			);
			buildRules = (
			);
			dependencies = (
			);
			name = shopping;
			packageProductDependencies = (
				DEEB24962C59F393008B7F81 /* CountryPicker */,
			);
			productName = shopping;
			productReference = DEEB244F2C58CFAC008B7F81 /* shopping.app */;
			productType = "com.apple.product-type.application";
		};
		DEEB245E2C58CFAE008B7F81 /* shoppingTests */ = {
			isa = PBXNativeTarget;
			buildConfigurationList = DEEB24762C58CFAE008B7F81 /* Build configuration list for PBXNativeTarget "shoppingTests" */;
			buildPhases = (
				DEEB245B2C58CFAE008B7F81 /* Sources */,
				DEEB245C2C58CFAE008B7F81 /* Frameworks */,
				DEEB245D2C58CFAE008B7F81 /* Resources */,
			);
			buildRules = (
			);
			dependencies = (
				DEEB24612C58CFAE008B7F81 /* PBXTargetDependency */,
			);
			name = shoppingTests;
			productName = shoppingTests;
			productReference = DEEB245F2C58CFAE008B7F81 /* shoppingTests.xctest */;
			productType = "com.apple.product-type.bundle.unit-test";
		};
		DEEB24682C58CFAE008B7F81 /* shoppingUITests */ = {
			isa = PBXNativeTarget;
			buildConfigurationList = DEEB24792C58CFAE008B7F81 /* Build configuration list for PBXNativeTarget "shoppingUITests" */;
			buildPhases = (
				DEEB24652C58CFAE008B7F81 /* Sources */,
				DEEB24662C58CFAE008B7F81 /* Frameworks */,
				DEEB24672C58CFAE008B7F81 /* Resources */,
			);
			buildRules = (
			);
			dependencies = (
				DEEB246B2C58CFAE008B7F81 /* PBXTargetDependency */,
			);
			name = shoppingUITests;
			productName = shoppingUITests;
			productReference = DEEB24692C58CFAE008B7F81 /* shoppingUITests.xctest */;
			productType = "com.apple.product-type.bundle.ui-testing";
		};
/* End PBXNativeTarget section */

/* Begin PBXProject section */
		DEEB24472C58CFAC008B7F81 /* Project object */ = {
			isa = PBXProject;
			attributes = {
				BuildIndependentTargetsInParallel = 1;
				LastSwiftUpdateCheck = 1540;
				LastUpgradeCheck = 1540;
				TargetAttributes = {
					DEEB244E2C58CFAC008B7F81 = {
						CreatedOnToolsVersion = 15.4;
					};
					DEEB245E2C58CFAE008B7F81 = {
						CreatedOnToolsVersion = 15.4;
						TestTargetID = DEEB244E2C58CFAC008B7F81;
					};
					DEEB24682C58CFAE008B7F81 = {
						CreatedOnToolsVersion = 15.4;
						TestTargetID = DEEB244E2C58CFAC008B7F81;
					};
				};
			};
			buildConfigurationList = DEEB244A2C58CFAC008B7F81 /* Build configuration list for PBXProject "shopping" */;
			compatibilityVersion = "Xcode 14.0";
			developmentRegion = en;
			hasScannedForEncodings = 0;
			knownRegions = (
				en,
				Base,
			);
			mainGroup = DEEB24462C58CFAC008B7F81;
			packageReferences = (
				DEEB24952C59F393008B7F81 /* XCRemoteSwiftPackageReference "CountryPicker" */,
			);
			productRefGroup = DEEB24502C58CFAC008B7F81 /* Products */;
			projectDirPath = "";
			projectRoot = "";
			targets = (
				DEEB244E2C58CFAC008B7F81 /* shopping */,
				DEEB245E2C58CFAE008B7F81 /* shoppingTests */,
				DEEB24682C58CFAE008B7F81 /* shoppingUITests */,
			);
		};
/* End PBXProject section */

/* Begin PBXResourcesBuildPhase section */
		DEEB244D2C58CFAC008B7F81 /* Resources */ = {
			isa = PBXResourcesBuildPhase;
			buildActionMask = 2147483647;
			files = (
				DEEB24812C58D2A4008B7F81 /* Gilroy-Bold.ttf in Resources */,
				DEEB24842C58D2A4008B7F81 /* Gilroy-Medium.ttf in Resources */,
				DEEB245A2C58CFAD008B7F81 /* Preview Assets.xcassets in Resources */,
				DEEB24572C58CFAD008B7F81 /* Assets.xcassets in Resources */,
				DEEB24832C58D2A4008B7F81 /* Gilroy-SemiBold.ttf in Resources */,
				DEEB24822C58D2A4008B7F81 /* Gilroy-Regular.ttf in Resources */,
				DEEB248E2C59D840008B7F81 /* Launch Screen.storyboard in Resources */,
			);
			runOnlyForDeploymentPostprocessing = 0;
		};
		DEEB245D2C58CFAE008B7F81 /* Resources */ = {
			isa = PBXResourcesBuildPhase;
			buildActionMask = 2147483647;
			files = (
			);
			runOnlyForDeploymentPostprocessing = 0;
		};
		DEEB24672C58CFAE008B7F81 /* Resources */ = {
			isa = PBXResourcesBuildPhase;
			buildActionMask = 2147483647;
			files = (
			);
			runOnlyForDeploymentPostprocessing = 0;
		};
/* End PBXResourcesBuildPhase section */

/* Begin PBXSourcesBuildPhase section */
		DEEB244B2C58CFAC008B7F81 /* Sources */ = {
			isa = PBXSourcesBuildPhase;
			buildActionMask = 2147483647;
			files = (
				DEEB24C32C5B8E64008B7F81 /* CategoryCell.swift in Sources */,
				DEEB24992C59F3B1008B7F81 /* CountryPickerUI.swift in Sources */,
				DEEB24C12C5B7A2B008B7F81 /* ProductCell.swift in Sources */,
				DEEB24942C59ECA8008B7F81 /* SignInView.swift in Sources */,
				DEEB24922C59E016008B7F81 /* RoundButton.swift in Sources */,
				DEEB24B32C5B6CA9008B7F81 /* HomeViewModel.swift in Sources */,
				DEEB248C2C59D815008B7F81 /* WelcomeView.swift in Sources */,
				DEEB24B62C5B6D17008B7F81 /* HomeView.swift in Sources */,
				DEEB24A52C5B18BC008B7F81 /* Globs.swift in Sources */,
				DEEB24532C58CFAC008B7F81 /* shoppingApp.swift in Sources */,
				DEEB24A82C5B2984008B7F81 /* UIKitExtension.swift in Sources */,
				DEEB249B2C59F899008B7F81 /* LoginView.swift in Sources */,
				DEEB24B92C5B6DE8008B7F81 /* ExploreView.swift in Sources */,
				DEEB24AE2C5B60B6008B7F81 /* UserModel.swift in Sources */,
				DEEB24BB2C5B7222008B7F81 /* TabButton.swift in Sources */,
				DEEB24AA2C5B531B008B7F81 /* SignUpView.swift in Sources */,
				DEEB24BF2C5B789B008B7F81 /* SectionTitle.swift in Sources */,
				DEEB24902C59DAD3008B7F81 /* UIExtension.swift in Sources */,
				DEEB24C52C5B8FF8008B7F81 /* ProducModel.swift in Sources */,
				DEEB24BD2C5B75E4008B7F81 /* SearchTextField.swift in Sources */,
				DEEB249F2C5A0173008B7F81 /* MainViewModel.swift in Sources */,
				DEEB24A32C5B13E7008B7F81 /* ServiceCall.swift in Sources */,
				DEEB24A12C5A02F2008B7F81 /* LineTextField.swift in Sources */,
				DEEB24B12C5B65FF008B7F81 /* MainTabView.swift in Sources */,
			);
			runOnlyForDeploymentPostprocessing = 0;
		};
		DEEB245B2C58CFAE008B7F81 /* Sources */ = {
			isa = PBXSourcesBuildPhase;
			buildActionMask = 2147483647;
			files = (
				DEEB24642C58CFAE008B7F81 /* shoppingTests.swift in Sources */,
			);
			runOnlyForDeploymentPostprocessing = 0;
		};
		DEEB24652C58CFAE008B7F81 /* Sources */ = {
			isa = PBXSourcesBuildPhase;
			buildActionMask = 2147483647;
			files = (
				DEEB24702C58CFAE008B7F81 /* shoppingUITestsLaunchTests.swift in Sources */,
				DEEB246E2C58CFAE008B7F81 /* shoppingUITests.swift in Sources */,
			);
			runOnlyForDeploymentPostprocessing = 0;
		};
/* End PBXSourcesBuildPhase section */

/* Begin PBXTargetDependency section */
		DEEB24612C58CFAE008B7F81 /* PBXTargetDependency */ = {
			isa = PBXTargetDependency;
			target = DEEB244E2C58CFAC008B7F81 /* shopping */;
			targetProxy = DEEB24602C58CFAE008B7F81 /* PBXContainerItemProxy */;
		};
		DEEB246B2C58CFAE008B7F81 /* PBXTargetDependency */ = {
			isa = PBXTargetDependency;
			target = DEEB244E2C58CFAC008B7F81 /* shopping */;
			targetProxy = DEEB246A2C58CFAE008B7F81 /* PBXContainerItemProxy */;
		};
/* End PBXTargetDependency section */

/* Begin XCBuildConfiguration section */
		DEEB24712C58CFAE008B7F81 /* Debug */ = {
			isa = XCBuildConfiguration;
			buildSettings = {
				ALWAYS_SEARCH_USER_PATHS = NO;
				ASSETCATALOG_COMPILER_GENERATE_SWIFT_ASSET_SYMBOL_EXTENSIONS = YES;
				CLANG_ANALYZER_NONNULL = YES;
				CLANG_ANALYZER_NUMBER_OBJECT_CONVERSION = YES_AGGRESSIVE;
				CLANG_CXX_LANGUAGE_STANDARD = "gnu++20";
				CLANG_ENABLE_MODULES = YES;
				CLANG_ENABLE_OBJC_ARC = YES;
				CLANG_ENABLE_OBJC_WEAK = YES;
				CLANG_WARN_BLOCK_CAPTURE_AUTORELEASING = YES;
				CLANG_WARN_BOOL_CONVERSION = YES;
				CLANG_WARN_COMMA = YES;
				CLANG_WARN_CONSTANT_CONVERSION = YES;
				CLANG_WARN_DEPRECATED_OBJC_IMPLEMENTATIONS = YES;
				CLANG_WARN_DIRECT_OBJC_ISA_USAGE = YES_ERROR;
				CLANG_WARN_DOCUMENTATION_COMMENTS = YES;
				CLANG_WARN_EMPTY_BODY = YES;
				CLANG_WARN_ENUM_CONVERSION = YES;
				CLANG_WARN_INFINITE_RECURSION = YES;
				CLANG_WARN_INT_CONVERSION = YES;
				CLANG_WARN_NON_LITERAL_NULL_CONVERSION = YES;
				CLANG_WARN_OBJC_IMPLICIT_RETAIN_SELF = YES;
				CLANG_WARN_OBJC_LITERAL_CONVERSION = YES;
				CLANG_WARN_OBJC_ROOT_CLASS = YES_ERROR;
				CLANG_WARN_QUOTED_INCLUDE_IN_FRAMEWORK_HEADER = YES;
				CLANG_WARN_RANGE_LOOP_ANALYSIS = YES;
				CLANG_WARN_STRICT_PROTOTYPES = YES;
				CLANG_WARN_SUSPICIOUS_MOVE = YES;
				CLANG_WARN_UNGUARDED_AVAILABILITY = YES_AGGRESSIVE;
				CLANG_WARN_UNREACHABLE_CODE = YES;
				CLANG_WARN__DUPLICATE_METHOD_MATCH = YES;
				COPY_PHASE_STRIP = NO;
				DEBUG_INFORMATION_FORMAT = dwarf;
				ENABLE_STRICT_OBJC_MSGSEND = YES;
				ENABLE_TESTABILITY = YES;
				ENABLE_USER_SCRIPT_SANDBOXING = YES;
				GCC_C_LANGUAGE_STANDARD = gnu17;
				GCC_DYNAMIC_NO_PIC = NO;
				GCC_NO_COMMON_BLOCKS = YES;
				GCC_OPTIMIZATION_LEVEL = 0;
				GCC_PREPROCESSOR_DEFINITIONS = (
					"DEBUG=1",
					"$(inherited)",
				);
				GCC_WARN_64_TO_32_BIT_CONVERSION = YES;
				GCC_WARN_ABOUT_RETURN_TYPE = YES_ERROR;
				GCC_WARN_UNDECLARED_SELECTOR = YES;
				GCC_WARN_UNINITIALIZED_AUTOS = YES_AGGRESSIVE;
				GCC_WARN_UNUSED_FUNCTION = YES;
				GCC_WARN_UNUSED_VARIABLE = YES;
				IPHONEOS_DEPLOYMENT_TARGET = 17.5;
				LOCALIZATION_PREFERS_STRING_CATALOGS = YES;
				MTL_ENABLE_DEBUG_INFO = INCLUDE_SOURCE;
				MTL_FAST_MATH = YES;
				ONLY_ACTIVE_ARCH = YES;
				SDKROOT = iphoneos;
				SWIFT_ACTIVE_COMPILATION_CONDITIONS = "DEBUG $(inherited)";
				SWIFT_OPTIMIZATION_LEVEL = "-Onone";
			};
			name = Debug;
		};
		DEEB24722C58CFAE008B7F81 /* Release */ = {
			isa = XCBuildConfiguration;
			buildSettings = {
				ALWAYS_SEARCH_USER_PATHS = NO;
				ASSETCATALOG_COMPILER_GENERATE_SWIFT_ASSET_SYMBOL_EXTENSIONS = YES;
				CLANG_ANALYZER_NONNULL = YES;
				CLANG_ANALYZER_NUMBER_OBJECT_CONVERSION = YES_AGGRESSIVE;
				CLANG_CXX_LANGUAGE_STANDARD = "gnu++20";
				CLANG_ENABLE_MODULES = YES;
				CLANG_ENABLE_OBJC_ARC = YES;
				CLANG_ENABLE_OBJC_WEAK = YES;
				CLANG_WARN_BLOCK_CAPTURE_AUTORELEASING = YES;
				CLANG_WARN_BOOL_CONVERSION = YES;
				CLANG_WARN_COMMA = YES;
				CLANG_WARN_CONSTANT_CONVERSION = YES;
				CLANG_WARN_DEPRECATED_OBJC_IMPLEMENTATIONS = YES;
				CLANG_WARN_DIRECT_OBJC_ISA_USAGE = YES_ERROR;
				CLANG_WARN_DOCUMENTATION_COMMENTS = YES;
				CLANG_WARN_EMPTY_BODY = YES;
				CLANG_WARN_ENUM_CONVERSION = YES;
				CLANG_WARN_INFINITE_RECURSION = YES;
				CLANG_WARN_INT_CONVERSION = YES;
				CLANG_WARN_NON_LITERAL_NULL_CONVERSION = YES;
				CLANG_WARN_OBJC_IMPLICIT_RETAIN_SELF = YES;
				CLANG_WARN_OBJC_LITERAL_CONVERSION = YES;
				CLANG_WARN_OBJC_ROOT_CLASS = YES_ERROR;
				CLANG_WARN_QUOTED_INCLUDE_IN_FRAMEWORK_HEADER = YES;
				CLANG_WARN_RANGE_LOOP_ANALYSIS = YES;
				CLANG_WARN_STRICT_PROTOTYPES = YES;
				CLANG_WARN_SUSPICIOUS_MOVE = YES;
				CLANG_WARN_UNGUARDED_AVAILABILITY = YES_AGGRESSIVE;
				CLANG_WARN_UNREACHABLE_CODE = YES;
				CLANG_WARN__DUPLICATE_METHOD_MATCH = YES;
				COPY_PHASE_STRIP = NO;
				DEBUG_INFORMATION_FORMAT = "dwarf-with-dsym";
				ENABLE_NS_ASSERTIONS = NO;
				ENABLE_STRICT_OBJC_MSGSEND = YES;
				ENABLE_USER_SCRIPT_SANDBOXING = YES;
				GCC_C_LANGUAGE_STANDARD = gnu17;
				GCC_NO_COMMON_BLOCKS = YES;
				GCC_WARN_64_TO_32_BIT_CONVERSION = YES;
				GCC_WARN_ABOUT_RETURN_TYPE = YES_ERROR;
				GCC_WARN_UNDECLARED_SELECTOR = YES;
				GCC_WARN_UNINITIALIZED_AUTOS = YES_AGGRESSIVE;
				GCC_WARN_UNUSED_FUNCTION = YES;
				GCC_WARN_UNUSED_VARIABLE = YES;
				IPHONEOS_DEPLOYMENT_TARGET = 17.5;
				LOCALIZATION_PREFERS_STRING_CATALOGS = YES;
				MTL_ENABLE_DEBUG_INFO = NO;
				MTL_FAST_MATH = YES;
				SDKROOT = iphoneos;
				SWIFT_COMPILATION_MODE = wholemodule;
				VALIDATE_PRODUCT = YES;
			};
			name = Release;
		};
		DEEB24742C58CFAE008B7F81 /* Debug */ = {
			isa = XCBuildConfiguration;
			buildSettings = {
				ASSETCATALOG_COMPILER_APPICON_NAME = AppIcon;
				ASSETCATALOG_COMPILER_GLOBAL_ACCENT_COLOR_NAME = AccentColor;
				CODE_SIGN_STYLE = Automatic;
				CURRENT_PROJECT_VERSION = 1;
				DEVELOPMENT_ASSET_PATHS = "\"shopping/Preview Content\"";
				DEVELOPMENT_TEAM = AWVWTT6FQB;
				ENABLE_PREVIEWS = YES;
				GENERATE_INFOPLIST_FILE = YES;
				INFOPLIST_FILE = shopping/Info.plist;
				INFOPLIST_KEY_UIApplicationSceneManifest_Generation = YES;
				INFOPLIST_KEY_UIApplicationSupportsIndirectInputEvents = YES;
				INFOPLIST_KEY_UILaunchScreen_Generation = YES;
				INFOPLIST_KEY_UILaunchStoryboardName = "Launch Screen.storyboard";
				INFOPLIST_KEY_UIStatusBarHidden = YES;
				INFOPLIST_KEY_UIStatusBarStyle = "";
				INFOPLIST_KEY_UISupportedInterfaceOrientations = "UIInterfaceOrientationLandscapeLeft UIInterfaceOrientationLandscapeRight UIInterfaceOrientationPortrait";
				INFOPLIST_KEY_UISupportedInterfaceOrientations_iPad = UIInterfaceOrientationPortrait;
				IPHONEOS_DEPLOYMENT_TARGET = 15.0;
				LD_RUNPATH_SEARCH_PATHS = (
					"$(inherited)",
					"@executable_path/Frameworks",
				);
				MARKETING_VERSION = 1.0;
				PRODUCT_BUNDLE_IDENTIFIER = com.somnwal.app.shopping;
				PRODUCT_NAME = "$(TARGET_NAME)";
				SUPPORTED_PLATFORMS = "iphoneos iphonesimulator";
				SUPPORTS_MACCATALYST = NO;
				SUPPORTS_MAC_DESIGNED_FOR_IPHONE_IPAD = NO;
				SUPPORTS_XR_DESIGNED_FOR_IPHONE_IPAD = NO;
				SWIFT_EMIT_LOC_STRINGS = YES;
				SWIFT_VERSION = 5.0;
				TARGETED_DEVICE_FAMILY = 1;
			};
			name = Debug;
		};
		DEEB24752C58CFAE008B7F81 /* Release */ = {
			isa = XCBuildConfiguration;
			buildSettings = {
				ASSETCATALOG_COMPILER_APPICON_NAME = AppIcon;
				ASSETCATALOG_COMPILER_GLOBAL_ACCENT_COLOR_NAME = AccentColor;
				CODE_SIGN_STYLE = Automatic;
				CURRENT_PROJECT_VERSION = 1;
				DEVELOPMENT_ASSET_PATHS = "\"shopping/Preview Content\"";
				DEVELOPMENT_TEAM = AWVWTT6FQB;
				ENABLE_PREVIEWS = YES;
				GENERATE_INFOPLIST_FILE = YES;
				INFOPLIST_FILE = shopping/Info.plist;
				INFOPLIST_KEY_UIApplicationSceneManifest_Generation = YES;
				INFOPLIST_KEY_UIApplicationSupportsIndirectInputEvents = YES;
				INFOPLIST_KEY_UILaunchScreen_Generation = YES;
				INFOPLIST_KEY_UILaunchStoryboardName = "Launch Screen.storyboard";
				INFOPLIST_KEY_UIStatusBarHidden = YES;
				INFOPLIST_KEY_UIStatusBarStyle = "";
				INFOPLIST_KEY_UISupportedInterfaceOrientations = "UIInterfaceOrientationLandscapeLeft UIInterfaceOrientationLandscapeRight UIInterfaceOrientationPortrait";
				INFOPLIST_KEY_UISupportedInterfaceOrientations_iPad = UIInterfaceOrientationPortrait;
				IPHONEOS_DEPLOYMENT_TARGET = 15.0;
				LD_RUNPATH_SEARCH_PATHS = (
					"$(inherited)",
					"@executable_path/Frameworks",
				);
				MARKETING_VERSION = 1.0;
				PRODUCT_BUNDLE_IDENTIFIER = com.somnwal.app.shopping;
				PRODUCT_NAME = "$(TARGET_NAME)";
				SUPPORTED_PLATFORMS = "iphoneos iphonesimulator";
				SUPPORTS_MACCATALYST = NO;
				SUPPORTS_MAC_DESIGNED_FOR_IPHONE_IPAD = NO;
				SUPPORTS_XR_DESIGNED_FOR_IPHONE_IPAD = NO;
				SWIFT_EMIT_LOC_STRINGS = YES;
				SWIFT_VERSION = 5.0;
				TARGETED_DEVICE_FAMILY = 1;
			};
			name = Release;
		};
		DEEB24772C58CFAE008B7F81 /* Debug */ = {
			isa = XCBuildConfiguration;
			buildSettings = {
				ALWAYS_EMBED_SWIFT_STANDARD_LIBRARIES = YES;
				BUNDLE_LOADER = "$(TEST_HOST)";
				CODE_SIGN_STYLE = Automatic;
				CURRENT_PROJECT_VERSION = 1;
				DEVELOPMENT_TEAM = AWVWTT6FQB;
				GENERATE_INFOPLIST_FILE = YES;
				IPHONEOS_DEPLOYMENT_TARGET = 17.5;
				MARKETING_VERSION = 1.0;
				PRODUCT_BUNDLE_IDENTIFIER = com.somnwal.app.shoppingTests;
				PRODUCT_NAME = "$(TARGET_NAME)";
				SWIFT_EMIT_LOC_STRINGS = NO;
				SWIFT_VERSION = 5.0;
				TARGETED_DEVICE_FAMILY = "1,2";
				TEST_HOST = "$(BUILT_PRODUCTS_DIR)/shopping.app/$(BUNDLE_EXECUTABLE_FOLDER_PATH)/shopping";
			};
			name = Debug;
		};
		DEEB24782C58CFAE008B7F81 /* Release */ = {
			isa = XCBuildConfiguration;
			buildSettings = {
				ALWAYS_EMBED_SWIFT_STANDARD_LIBRARIES = YES;
				BUNDLE_LOADER = "$(TEST_HOST)";
				CODE_SIGN_STYLE = Automatic;
				CURRENT_PROJECT_VERSION = 1;
				DEVELOPMENT_TEAM = AWVWTT6FQB;
				GENERATE_INFOPLIST_FILE = YES;
				IPHONEOS_DEPLOYMENT_TARGET = 17.5;
				MARKETING_VERSION = 1.0;
				PRODUCT_BUNDLE_IDENTIFIER = com.somnwal.app.shoppingTests;
				PRODUCT_NAME = "$(TARGET_NAME)";
				SWIFT_EMIT_LOC_STRINGS = NO;
				SWIFT_VERSION = 5.0;
				TARGETED_DEVICE_FAMILY = "1,2";
				TEST_HOST = "$(BUILT_PRODUCTS_DIR)/shopping.app/$(BUNDLE_EXECUTABLE_FOLDER_PATH)/shopping";
			};
			name = Release;
		};
		DEEB247A2C58CFAE008B7F81 /* Debug */ = {
			isa = XCBuildConfiguration;
			buildSettings = {
				ALWAYS_EMBED_SWIFT_STANDARD_LIBRARIES = YES;
				CODE_SIGN_STYLE = Automatic;
				CURRENT_PROJECT_VERSION = 1;
				DEVELOPMENT_TEAM = AWVWTT6FQB;
				GENERATE_INFOPLIST_FILE = YES;
				MARKETING_VERSION = 1.0;
				PRODUCT_BUNDLE_IDENTIFIER = com.somnwal.app.shoppingUITests;
				PRODUCT_NAME = "$(TARGET_NAME)";
				SWIFT_EMIT_LOC_STRINGS = NO;
				SWIFT_VERSION = 5.0;
				TARGETED_DEVICE_FAMILY = "1,2";
				TEST_TARGET_NAME = shopping;
			};
			name = Debug;
		};
		DEEB247B2C58CFAE008B7F81 /* Release */ = {
			isa = XCBuildConfiguration;
			buildSettings = {
				ALWAYS_EMBED_SWIFT_STANDARD_LIBRARIES = YES;
				CODE_SIGN_STYLE = Automatic;
				CURRENT_PROJECT_VERSION = 1;
				DEVELOPMENT_TEAM = AWVWTT6FQB;
				GENERATE_INFOPLIST_FILE = YES;
				MARKETING_VERSION = 1.0;
				PRODUCT_BUNDLE_IDENTIFIER = com.somnwal.app.shoppingUITests;
				PRODUCT_NAME = "$(TARGET_NAME)";
				SWIFT_EMIT_LOC_STRINGS = NO;
				SWIFT_VERSION = 5.0;
				TARGETED_DEVICE_FAMILY = "1,2";
				TEST_TARGET_NAME = shopping;
			};
			name = Release;
		};
/* End XCBuildConfiguration section */

/* Begin XCConfigurationList section */
		DEEB244A2C58CFAC008B7F81 /* Build configuration list for PBXProject "shopping" */ = {
			isa = XCConfigurationList;
			buildConfigurations = (
				DEEB24712C58CFAE008B7F81 /* Debug */,
				DEEB24722C58CFAE008B7F81 /* Release */,
			);
			defaultConfigurationIsVisible = 0;
			defaultConfigurationName = Release;
		};
		DEEB24732C58CFAE008B7F81 /* Build configuration list for PBXNativeTarget "shopping" */ = {
			isa = XCConfigurationList;
			buildConfigurations = (
				DEEB24742C58CFAE008B7F81 /* Debug */,
				DEEB24752C58CFAE008B7F81 /* Release */,
			);
			defaultConfigurationIsVisible = 0;
			defaultConfigurationName = Release;
		};
		DEEB24762C58CFAE008B7F81 /* Build configuration list for PBXNativeTarget "shoppingTests" */ = {
			isa = XCConfigurationList;
			buildConfigurations = (
				DEEB24772C58CFAE008B7F81 /* Debug */,
				DEEB24782C58CFAE008B7F81 /* Release */,
			);
			defaultConfigurationIsVisible = 0;
			defaultConfigurationName = Release;
		};
		DEEB24792C58CFAE008B7F81 /* Build configuration list for PBXNativeTarget "shoppingUITests" */ = {
			isa = XCConfigurationList;
			buildConfigurations = (
				DEEB247A2C58CFAE008B7F81 /* Debug */,
				DEEB247B2C58CFAE008B7F81 /* Release */,
			);
			defaultConfigurationIsVisible = 0;
			defaultConfigurationName = Release;
		};
/* End XCConfigurationList section */

/* Begin XCRemoteSwiftPackageReference section */
		DEEB24952C59F393008B7F81 /* XCRemoteSwiftPackageReference "CountryPicker" */ = {
			isa = XCRemoteSwiftPackageReference;
			repositoryURL = "https://github.com/mobven/CountryPicker.git";
			requirement = {
				kind = upToNextMajorVersion;
				minimumVersion = 2.0.3;
			};
		};
/* End XCRemoteSwiftPackageReference section */

/* Begin XCSwiftPackageProductDependency section */
		DEEB24962C59F393008B7F81 /* CountryPicker */ = {
			isa = XCSwiftPackageProductDependency;
			package = DEEB24952C59F393008B7F81 /* XCRemoteSwiftPackageReference "CountryPicker" */;
			productName = CountryPicker;
		};
/* End XCSwiftPackageProductDependency section */
	};
	rootObject = DEEB24472C58CFAC008B7F81 /* Project object */;
}
